{
  "nodes": {
    "nixpkgs": {
      "locked": {
        "lastModified": 1751905456,
        "narHash": "sha256-/yF1zf5+rRnvFsCIJWjPwYPX6DElozaPwb0hv/aqFiA=",
        "owner": "nixos",
        "repo": "nixpkgs",
        "rev": "047f8348b0ad3d87dae180e082e9e1c1ca690cdc",
        "type": "github"
      },
      "original": {
        "owner": "nixos",
        "ref": "master",
        "repo": "nixpkgs",
        "type": "github"
      }
    },
    "quickshell": {
      "inputs": {
        "nixpkgs": [
          "nixpkgs"
        ]
      },
      "locked": {
        "lastModified": 1747638064,
        "narHash": "sha256-juEWrS6mOnlU5hva6sewhlRxTFc3cV8bV2Tt3xyTlcg=",
        "ref": "refs/heads/master",
        "rev": "02e06ea5774eeb3af982a483e5c7e949d276eafc",
        "revCount": 535,
        "type": "git",
        "url": "https://git.outfoxxed.me/outfoxxed/quickshell"
      },
      "original": {
        "type": "git",
        "url": "https://git.outfoxxed.me/outfoxxed/quickshell"
      }
    },
    "root": {
      "inputs": {
        "nixpkgs": "nixpkgs",
        "quickshell": "quickshell"
      }
    }
  },
  "root": "root",
  "version": 7
}
