{
  "nodes": {
    "nixpkgs": {
      "locked": {
        "lastModified": 1752875555,
        "narHash": "sha256-7NPbp/KNaNJWubSE33MKtTDhp5iq8LuJk17mhSOpVdo=",
        "owner": "nixos",
        "repo": "nixpkgs",
        "rev": "9ff1250b39f0f1c5dc01762f516ace5da8d65b98",
        "type": "github"
      },
      "original": {
        "owner": "nixos",
        "ref": "master",
        "repo": "nixpkgs",
        "type": "github"
      }
    },
    "quickshell": {
      "inputs": {
        "nixpkgs": [
          "nixpkgs"
        ]
      },
      "locked": {
        "lastModified": 1752837946,
        "narHash": "sha256-oLkH/Mr0cfrjD6WRf6GqJV6sizX0ZgYqD6gFdziyKVo=",
        "ref": "refs/heads/master",
        "rev": "e55d519c280192d8d97695b6c5905a0d7a46f8fe",
        "revCount": 647,
        "type": "git",
        "url": "https://git.outfoxxed.me/outfoxxed/quickshell"
      },
      "original": {
        "type": "git",
        "url": "https://git.outfoxxed.me/outfoxxed/quickshell"
      }
    },
    "root": {
      "inputs": {
        "nixpkgs": "nixpkgs",
        "quickshell": "quickshell"
      }
    }
  },
  "root": "root",
  "version": 7
}
