{
  "nodes": {
    "nixpkgs": {
      "locked": {
        "lastModified": 1747825515,
        "narHash": "sha256-BWpMQymVI73QoKZdcVCxUCCK3GNvr/xa2Dc4DM1o2BE=",
        "owner": "nixos",
        "repo": "nixpkgs",
        "rev": "cd2812de55cf87df88a9e09bf3be1ce63d50c1a6",
        "type": "github"
      },
      "original": {
        "owner": "nixos",
        "ref": "nixos-25.05",
        "repo": "nixpkgs",
        "type": "github"
      }
    },
    "quickshell": {
      "inputs": {
        "nixpkgs": [
          "nixpkgs"
        ]
      },
      "locked": {
        "lastModified": 1747638064,
        "narHash": "sha256-juEWrS6mOnlU5hva6sewhlRxTFc3cV8bV2Tt3xyTlcg=",
        "ref": "refs/heads/master",
        "rev": "02e06ea5774eeb3af982a483e5c7e949d276eafc",
        "revCount": 535,
        "type": "git",
        "url": "https://git.outfoxxed.me/outfoxxed/quickshell"
      },
      "original": {
        "type": "git",
        "url": "https://git.outfoxxed.me/outfoxxed/quickshell"
      }
    },
    "root": {
      "inputs": {
        "nixpkgs": "nixpkgs",
        "quickshell": "quickshell"
      }
    }
  },
  "root": "root",
  "version": 7
}
